
Microsoft Visual Studio Solution File, Format Version 12.00
# Visual Studio Version 17
VisualStudioVersion = 17.9.34616.47
MinimumVisualStudioVersion = 10.0.40219.1
Project("{FAE04EC0-301F-11D3-BF4B-00C04F79EFBC}") = "POEFunctions", "POEFunctions.csproj", "{FF0377A6-FBCD-4074-97E1-0C44B9FC875A}"
EndProject
Global
	GlobalSection(SolutionConfigurationPlatforms) = preSolution
		Debug|Any CPU = Debug|Any CPU
		Release|Any CPU = Release|Any CPU
	EndGlobalSection
	GlobalSection(ProjectConfigurationPlatforms) = postSolution
		{FF0377A6-FBCD-4074-97E1-0C44B9FC875A}.Debug|Any CPU.ActiveCfg = Debug|Any CPU
		{FF0377A6-FBCD-4074-97E1-0C44B9FC875A}.Debug|Any CPU.Build.0 = Debug|Any CPU
		{FF0377A6-FBCD-4074-97E1-0C44B9FC875A}.Release|Any CPU.ActiveCfg = Release|Any CPU
		{FF0377A6-FBCD-4074-97E1-0C44B9FC875A}.Release|Any CPU.Build.0 = Release|Any CPU
	EndGlobalSection
	GlobalSection(SolutionProperties) = preSolution
		HideSolutionNode = FALSE
	EndGlobalSection
	GlobalSection(ExtensibilityGlobals) = postSolution
		SolutionGuid = {E1841BA3-C5FD-42D1-8234-65133E99FE0A}
	EndGlobalSection
EndGlobal
